{
  "name": "fluence-nft-wallet",
  "version": "1.0.0",
  "lockfileVersion": 2,
  "requires": true,
  "packages": {
    "": {
      "name": "fluence-nft-wallet",
      "version": "1.0.0",
      "license": "ISC",
      "dependencies": {
        "@fluencelabs/aqua-lib": "^0.4.0"
      }
    },
    "node_modules/@fluencelabs/aqua-lib": {
      "version": "0.4.0",
      "resolved": "https://registry.npmjs.org/@fluencelabs/aqua-lib/-/aqua-lib-0.4.0.tgz",
      "integrity": "sha512-bad282cCZrE//I+Hzsl/vWgudwXuNiaqJOonv11xkgOBBvL7Gg3SIap8HioNvkaDxIvylVB+POjYJ7E5sGNoVQ=="
    }
  },
  "dependencies": {
    "@fluencelabs/aqua-lib": {
      "version": "0.4.0",
      "resolved": "https://registry.npmjs.org/@fluencelabs/aqua-lib/-/aqua-lib-0.4.0.tgz",
      "integrity": "sha512-bad282cCZrE//I+Hzsl/vWgudwXuNiaqJOonv11xkgOBBvL7Gg3SIap8HioNvkaDxIvylVB+POjYJ7E5sGNoVQ=="
    }
  }
}
